Microsoft Visual Studio Solution File, Format Version 12.00
# Visual Studio 15
Project("{9A19103F-16F7-4668-BE54-9A1E7A4F7556}") = "ExcelToObject", "ExcelToObject.csproj", "{0CD55F19-616E-46CB-B647-4CFB502E9B1D}"
EndProject
Project("{9A19103F-16F7-4668-BE54-9A1E7A4F7556}") = "Test", "..\Test\Test.csproj", "{0BEA68AD-BCEA-48A8-81BA-DBF24C90FF8A}"
EndProject
